
Microsoft Visual Studio Solution File, Format Version 12.00
# Visual Studio Version 16
VisualStudioVersion = 16.0.30907.101
MinimumVisualStudioVersion = 10.0.40219.1
Project("{FAE04EC0-301F-11D3-BF4B-00C04F79EFBC}") = "Forum", "Forum\Forum.csproj", "{EE22CBA8-D4D3-43D6-977D-92F994528BC4}"
EndProject
Global
	GlobalSection(SolutionConfigurationPlatforms) = preSolution
		Debug|Any CPU = Debug|Any CPU
		Release|Any CPU = Release|Any CPU
	EndGlobalSection
	GlobalSection(ProjectConfigurationPlatforms) = postSolution
		{EE22CBA8-D4D3-43D6-977D-92F994528BC4}.Debug|Any CPU.ActiveCfg = Debug|Any CPU
		{EE22CBA8-D4D3-43D6-977D-92F994528BC4}.Debug|Any CPU.Build.0 = Debug|Any CPU
		{EE22CBA8-D4D3-43D6-977D-92F994528BC4}.Release|Any CPU.ActiveCfg = Release|Any CPU
		{EE22CBA8-D4D3-43D6-977D-92F994528BC4}.Release|Any CPU.Build.0 = Release|Any CPU
	EndGlobalSection
	GlobalSection(SolutionProperties) = preSolution
		HideSolutionNode = FALSE
	EndGlobalSection
	GlobalSection(ExtensibilityGlobals) = postSolution
		SolutionGuid = {2DF7E2D0-1CE6-4808-9EF8-F5D7E0799A70}
	EndGlobalSection
EndGlobal
